// !$*UTF8*$!
{
	archiveVersion = 1;
	classes = {
	};
	objectVersion = 46;
	objects = {

/* Begin PBXBuildFile section */
		846F34E21EDDDF4300B8063E /* BookChapterCell.swift in Sources */ = {isa = PBXBuildFile; fileRef = 846F34E11EDDDF4300B8063E /* BookChapterCell.swift */; };
		847215D01EED975B00134BC5 /* ScriptureViewController.swift in Sources */ = {isa = PBXBuildFile; fileRef = 847215CF1EED975B00134BC5 /* ScriptureViewController.swift */; };
		847215D21EED979B00134BC5 /* ScriptureCell.swift in Sources */ = {isa = PBXBuildFile; fileRef = 847215D11EED979B00134BC5 /* ScriptureCell.swift */; };
		847527A71EDF9F46009D9D39 /* CoreDataStack.swift in Sources */ = {isa = PBXBuildFile; fileRef = 847527A61EDF9F46009D9D39 /* CoreDataStack.swift */; };
		847563DA1EE73AD700C7949E /* BiblesClient.swift in Sources */ = {isa = PBXBuildFile; fileRef = 847563D91EE73AD700C7949E /* BiblesClient.swift */; };
		847563DC1EE73B6D00C7949E /* Constants.swift in Sources */ = {isa = PBXBuildFile; fileRef = 847563DB1EE73B6D00C7949E /* Constants.swift */; };
		84770EB01EEAFD8000350216 /* BookNameListViewController.swift in Sources */ = {isa = PBXBuildFile; fileRef = 84770EAF1EEAFD8000350216 /* BookNameListViewController.swift */; };
		84770EB51EEB041F00350216 /* BookNameCell.swift in Sources */ = {isa = PBXBuildFile; fileRef = 84770EB41EEB041F00350216 /* BookNameCell.swift */; };
		847832781ED5EAAB00056370 /* BookChapterListViewController.swift in Sources */ = {isa = PBXBuildFile; fileRef = 847832771ED5EAAB00056370 /* BookChapterListViewController.swift */; };
		8478327A1ED5EAB900056370 /* SettingsViewController.swift in Sources */ = {isa = PBXBuildFile; fileRef = 847832791ED5EAB900056370 /* SettingsViewController.swift */; };
		847832801ED7811F00056370 /* ProfileTableViewController.swift in Sources */ = {isa = PBXBuildFile; fileRef = 8478327F1ED7811F00056370 /* ProfileTableViewController.swift */; };
		847832821ED7813B00056370 /* ProfileTableViewCell.swift in Sources */ = {isa = PBXBuildFile; fileRef = 847832811ED7813B00056370 /* ProfileTableViewCell.swift */; };
		847930461EE2029F00F02B5D /* Victor_s_Crown.xcdatamodeld in Sources */ = {isa = PBXBuildFile; fileRef = 847930441EE2029F00F02B5D /* Victor_s_Crown.xcdatamodeld */; };
		8479305C1EE20E5F00F02B5D /* Helpers.swift in Sources */ = {isa = PBXBuildFile; fileRef = 8479305B1EE20E5F00F02B5D /* Helpers.swift */; };
		847A321F1EE892C600ABBA32 /* GCDBlackBox.swift in Sources */ = {isa = PBXBuildFile; fileRef = 847A321E1EE892C600ABBA32 /* GCDBlackBox.swift */; };
		847A322B1EE89F1F00ABBA32 /* DataModel.swift in Sources */ = {isa = PBXBuildFile; fileRef = 847A322A1EE89F1F00ABBA32 /* DataModel.swift */; };
		8490DF351ECF915300C78173 /* AppDelegate.swift in Sources */ = {isa = PBXBuildFile; fileRef = 8490DF341ECF915300C78173 /* AppDelegate.swift */; };
		8490DF371ECF915300C78173 /* MainTabBarController.swift in Sources */ = {isa = PBXBuildFile; fileRef = 8490DF361ECF915300C78173 /* MainTabBarController.swift */; };
		8490DF3A1ECF915300C78173 /* Main.storyboard in Resources */ = {isa = PBXBuildFile; fileRef = 8490DF381ECF915300C78173 /* Main.storyboard */; };
		8490DF3F1ECF915300C78173 /* Assets.xcassets in Resources */ = {isa = PBXBuildFile; fileRef = 8490DF3E1ECF915300C78173 /* Assets.xcassets */; };
		8490DF421ECF915300C78173 /* LaunchScreen.storyboard in Resources */ = {isa = PBXBuildFile; fileRef = 8490DF401ECF915300C78173 /* LaunchScreen.storyboard */; };
		84DA1E7B1EFDB0A900242F01 /* Book+CoreDataClass.swift in Sources */ = {isa = PBXBuildFile; fileRef = 84DA1E731EFDB0A900242F01 /* Book+CoreDataClass.swift */; };
		84DA1E7C1EFDB0A900242F01 /* Book+CoreDataProperties.swift in Sources */ = {isa = PBXBuildFile; fileRef = 84DA1E741EFDB0A900242F01 /* Book+CoreDataProperties.swift */; };
		84DA1E7D1EFDB0A900242F01 /* Chapter+CoreDataClass.swift in Sources */ = {isa = PBXBuildFile; fileRef = 84DA1E751EFDB0A900242F01 /* Chapter+CoreDataClass.swift */; };
		84DA1E7E1EFDB0A900242F01 /* Chapter+CoreDataProperties.swift in Sources */ = {isa = PBXBuildFile; fileRef = 84DA1E761EFDB0A900242F01 /* Chapter+CoreDataProperties.swift */; };
		84DA1E7F1EFDB0A900242F01 /* Note+CoreDataClass.swift in Sources */ = {isa = PBXBuildFile; fileRef = 84DA1E771EFDB0A900242F01 /* Note+CoreDataClass.swift */; };
		84DA1E801EFDB0A900242F01 /* Note+CoreDataProperties.swift in Sources */ = {isa = PBXBuildFile; fileRef = 84DA1E781EFDB0A900242F01 /* Note+CoreDataProperties.swift */; };
		84DA1E811EFDB0A900242F01 /* Scripture+CoreDataClass.swift in Sources */ = {isa = PBXBuildFile; fileRef = 84DA1E791EFDB0A900242F01 /* Scripture+CoreDataClass.swift */; };
		84DA1E821EFDB0A900242F01 /* Scripture+CoreDataProperties.swift in Sources */ = {isa = PBXBuildFile; fileRef = 84DA1E7A1EFDB0A900242F01 /* Scripture+CoreDataProperties.swift */; };
		84E52AD51ED3BB4E00861AD1 /* TimerViewController.swift in Sources */ = {isa = PBXBuildFile; fileRef = 84E52AD41ED3BB4E00861AD1 /* TimerViewController.swift */; };
/* End PBXBuildFile section */

/* Begin PBXFileReference section */
		846F34E11EDDDF4300B8063E /* BookChapterCell.swift */ = {isa = PBXFileReference; fileEncoding = 4; lastKnownFileType = sourcecode.swift; path = BookChapterCell.swift; sourceTree = "<group>"; };
		847215CF1EED975B00134BC5 /* ScriptureViewController.swift */ = {isa = PBXFileReference; fileEncoding = 4; lastKnownFileType = sourcecode.swift; path = ScriptureViewController.swift; sourceTree = "<group>"; };
		847215D11EED979B00134BC5 /* ScriptureCell.swift */ = {isa = PBXFileReference; fileEncoding = 4; lastKnownFileType = sourcecode.swift; path = ScriptureCell.swift; sourceTree = "<group>"; };
		847527A61EDF9F46009D9D39 /* CoreDataStack.swift */ = {isa = PBXFileReference; fileEncoding = 4; lastKnownFileType = sourcecode.swift; path = CoreDataStack.swift; sourceTree = "<group>"; };
		847563D91EE73AD700C7949E /* BiblesClient.swift */ = {isa = PBXFileReference; fileEncoding = 4; lastKnownFileType = sourcecode.swift; name = BiblesClient.swift; path = "Victor's Crown/BiblesClient.swift"; sourceTree = "<group>"; };
		847563DB1EE73B6D00C7949E /* Constants.swift */ = {isa = PBXFileReference; fileEncoding = 4; lastKnownFileType = sourcecode.swift; name = Constants.swift; path = "Victor's Crown/Constants.swift"; sourceTree = "<group>"; };
		84770EAF1EEAFD8000350216 /* BookNameListViewController.swift */ = {isa = PBXFileReference; fileEncoding = 4; lastKnownFileType = sourcecode.swift; path = BookNameListViewController.swift; sourceTree = "<group>"; };
		84770EB41EEB041F00350216 /* BookNameCell.swift */ = {isa = PBXFileReference; fileEncoding = 4; lastKnownFileType = sourcecode.swift; path = BookNameCell.swift; sourceTree = "<group>"; };
		847832771ED5EAAB00056370 /* BookChapterListViewController.swift */ = {isa = PBXFileReference; fileEncoding = 4; lastKnownFileType = sourcecode.swift; path = BookChapterListViewController.swift; sourceTree = "<group>"; };
		847832791ED5EAB900056370 /* SettingsViewController.swift */ = {isa = PBXFileReference; fileEncoding = 4; lastKnownFileType = sourcecode.swift; path = SettingsViewController.swift; sourceTree = "<group>"; };
		8478327F1ED7811F00056370 /* ProfileTableViewController.swift */ = {isa = PBXFileReference; fileEncoding = 4; lastKnownFileType = sourcecode.swift; path = ProfileTableViewController.swift; sourceTree = "<group>"; };
		847832811ED7813B00056370 /* ProfileTableViewCell.swift */ = {isa = PBXFileReference; fileEncoding = 4; lastKnownFileType = sourcecode.swift; path = ProfileTableViewCell.swift; sourceTree = "<group>"; };
		847930451EE2029F00F02B5D /* Victor_s_Crown.xcdatamodel */ = {isa = PBXFileReference; lastKnownFileType = wrapper.xcdatamodel; path = Victor_s_Crown.xcdatamodel; sourceTree = "<group>"; };
		8479305B1EE20E5F00F02B5D /* Helpers.swift */ = {isa = PBXFileReference; fileEncoding = 4; lastKnownFileType = sourcecode.swift; path = Helpers.swift; sourceTree = "<group>"; };
		847A321E1EE892C600ABBA32 /* GCDBlackBox.swift */ = {isa = PBXFileReference; fileEncoding = 4; lastKnownFileType = sourcecode.swift; name = GCDBlackBox.swift; path = "Victor's Crown/GCDBlackBox.swift"; sourceTree = "<group>"; };
		847A322A1EE89F1F00ABBA32 /* DataModel.swift */ = {isa = PBXFileReference; fileEncoding = 4; lastKnownFileType = sourcecode.swift; name = DataModel.swift; path = "Victor's Crown/DataModel.swift"; sourceTree = "<group>"; };
		8490DF311ECF915300C78173 /* Victor's Crown.app */ = {isa = PBXFileReference; explicitFileType = wrapper.application; includeInIndex = 0; path = "Victor's Crown.app"; sourceTree = BUILT_PRODUCTS_DIR; };
		8490DF341ECF915300C78173 /* AppDelegate.swift */ = {isa = PBXFileReference; lastKnownFileType = sourcecode.swift; name = AppDelegate.swift; path = "Victor's Crown/AppDelegate.swift"; sourceTree = "<group>"; };
		8490DF361ECF915300C78173 /* MainTabBarController.swift */ = {isa = PBXFileReference; lastKnownFileType = sourcecode.swift; path = MainTabBarController.swift; sourceTree = "<group>"; };
		8490DF391ECF915300C78173 /* Base */ = {isa = PBXFileReference; lastKnownFileType = file.storyboard; name = Base; path = Base.lproj/Main.storyboard; sourceTree = "<group>"; };
		8490DF3E1ECF915300C78173 /* Assets.xcassets */ = {isa = PBXFileReference; lastKnownFileType = folder.assetcatalog; path = Assets.xcassets; sourceTree = "<group>"; };
		8490DF411ECF915300C78173 /* Base */ = {isa = PBXFileReference; lastKnownFileType = file.storyboard; name = Base; path = Base.lproj/LaunchScreen.storyboard; sourceTree = "<group>"; };
		8490DF431ECF915300C78173 /* Info.plist */ = {isa = PBXFileReference; lastKnownFileType = text.plist.xml; path = Info.plist; sourceTree = "<group>"; };
		84DA1E731EFDB0A900242F01 /* Book+CoreDataClass.swift */ = {isa = PBXFileReference; fileEncoding = 4; lastKnownFileType = sourcecode.swift; name = "Book+CoreDataClass.swift"; path = "Victor's Crown/Book+CoreDataClass.swift"; sourceTree = "<group>"; };
		84DA1E741EFDB0A900242F01 /* Book+CoreDataProperties.swift */ = {isa = PBXFileReference; fileEncoding = 4; lastKnownFileType = sourcecode.swift; name = "Book+CoreDataProperties.swift"; path = "Victor's Crown/Book+CoreDataProperties.swift"; sourceTree = "<group>"; };
		84DA1E751EFDB0A900242F01 /* Chapter+CoreDataClass.swift */ = {isa = PBXFileReference; fileEncoding = 4; lastKnownFileType = sourcecode.swift; name = "Chapter+CoreDataClass.swift"; path = "Victor's Crown/Chapter+CoreDataClass.swift"; sourceTree = "<group>"; };
		84DA1E761EFDB0A900242F01 /* Chapter+CoreDataProperties.swift */ = {isa = PBXFileReference; fileEncoding = 4; lastKnownFileType = sourcecode.swift; name = "Chapter+CoreDataProperties.swift"; path = "Victor's Crown/Chapter+CoreDataProperties.swift"; sourceTree = "<group>"; };
		84DA1E771EFDB0A900242F01 /* Note+CoreDataClass.swift */ = {isa = PBXFileReference; fileEncoding = 4; lastKnownFileType = sourcecode.swift; name = "Note+CoreDataClass.swift"; path = "Victor's Crown/Note+CoreDataClass.swift"; sourceTree = "<group>"; };
		84DA1E781EFDB0A900242F01 /* Note+CoreDataProperties.swift */ = {isa = PBXFileReference; fileEncoding = 4; lastKnownFileType = sourcecode.swift; name = "Note+CoreDataProperties.swift"; path = "Victor's Crown/Note+CoreDataProperties.swift"; sourceTree = "<group>"; };
		84DA1E791EFDB0A900242F01 /* Scripture+CoreDataClass.swift */ = {isa = PBXFileReference; fileEncoding = 4; lastKnownFileType = sourcecode.swift; name = "Scripture+CoreDataClass.swift"; path = "Victor's Crown/Scripture+CoreDataClass.swift"; sourceTree = "<group>"; };
		84DA1E7A1EFDB0A900242F01 /* Scripture+CoreDataProperties.swift */ = {isa = PBXFileReference; fileEncoding = 4; lastKnownFileType = sourcecode.swift; name = "Scripture+CoreDataProperties.swift"; path = "Victor's Crown/Scripture+CoreDataProperties.swift"; sourceTree = "<group>"; };
		84E52AD41ED3BB4E00861AD1 /* TimerViewController.swift */ = {isa = PBXFileReference; fileEncoding = 4; lastKnownFileType = sourcecode.swift; path = TimerViewController.swift; sourceTree = "<group>"; };
/* End PBXFileReference section */

/* Begin PBXFrameworksBuildPhase section */
		8490DF2E1ECF915300C78173 /* Frameworks */ = {
			isa = PBXFrameworksBuildPhase;
			buildActionMask = 2147483647;
			files = (
			);
			runOnlyForDeploymentPostprocessing = 0;
		};
/* End PBXFrameworksBuildPhase section */

/* Begin PBXGroup section */
		846F34E31EDE3A0500B8063E /* Controllers */ = {
			isa = PBXGroup;
			children = (
				847527A61EDF9F46009D9D39 /* CoreDataStack.swift */,
				8479305B1EE20E5F00F02B5D /* Helpers.swift */,
				84770EB31EEB032600350216 /* Profile */,
				84770EB11EEB02E100350216 /* Bible */,
				84770EB21EEB02F600350216 /* Pray */,
				847832791ED5EAB900056370 /* SettingsViewController.swift */,
			);
			name = Controllers;
			sourceTree = "<group>";
		};
		84770EB11EEB02E100350216 /* Bible */ = {
			isa = PBXGroup;
			children = (
				847215CF1EED975B00134BC5 /* ScriptureViewController.swift */,
				84770EAF1EEAFD8000350216 /* BookNameListViewController.swift */,
				847832771ED5EAAB00056370 /* BookChapterListViewController.swift */,
				84770EB41EEB041F00350216 /* BookNameCell.swift */,
				846F34E11EDDDF4300B8063E /* BookChapterCell.swift */,
				847215D11EED979B00134BC5 /* ScriptureCell.swift */,
			);
			name = Bible;
			sourceTree = "<group>";
		};
		84770EB21EEB02F600350216 /* Pray */ = {
			isa = PBXGroup;
			children = (
				84E52AD41ED3BB4E00861AD1 /* TimerViewController.swift */,
			);
			name = Pray;
			sourceTree = "<group>";
		};
		84770EB31EEB032600350216 /* Profile */ = {
			isa = PBXGroup;
			children = (
				8490DF361ECF915300C78173 /* MainTabBarController.swift */,
				8478327F1ED7811F00056370 /* ProfileTableViewController.swift */,
				847832811ED7813B00056370 /* ProfileTableViewCell.swift */,
			);
			name = Profile;
			sourceTree = "<group>";
		};
		847832831ED7845400056370 /* Assets */ = {
			isa = PBXGroup;
			children = (
				8490DF381ECF915300C78173 /* Main.storyboard */,
				8490DF3E1ECF915300C78173 /* Assets.xcassets */,
				8490DF401ECF915300C78173 /* LaunchScreen.storyboard */,
				8490DF431ECF915300C78173 /* Info.plist */,
				847930441EE2029F00F02B5D /* Victor_s_Crown.xcdatamodeld */,
			);
			name = Assets;
			sourceTree = "<group>";
		};
		8479302B1EE1C3D800F02B5D /* Models */ = {
			isa = PBXGroup;
			children = (
				84DA1E731EFDB0A900242F01 /* Book+CoreDataClass.swift */,
				84DA1E741EFDB0A900242F01 /* Book+CoreDataProperties.swift */,
				84DA1E751EFDB0A900242F01 /* Chapter+CoreDataClass.swift */,
				84DA1E761EFDB0A900242F01 /* Chapter+CoreDataProperties.swift */,
				84DA1E771EFDB0A900242F01 /* Note+CoreDataClass.swift */,
				84DA1E781EFDB0A900242F01 /* Note+CoreDataProperties.swift */,
				84DA1E791EFDB0A900242F01 /* Scripture+CoreDataClass.swift */,
				84DA1E7A1EFDB0A900242F01 /* Scripture+CoreDataProperties.swift */,
				8490DF341ECF915300C78173 /* AppDelegate.swift */,
				847A321E1EE892C600ABBA32 /* GCDBlackBox.swift */,
				847563D91EE73AD700C7949E /* BiblesClient.swift */,
				847563DB1EE73B6D00C7949E /* Constants.swift */,
				847A322A1EE89F1F00ABBA32 /* DataModel.swift */,
			);
			name = Models;
			path = ..;
			sourceTree = "<group>";
		};
		8490DF281ECF915200C78173 = {
			isa = PBXGroup;
			children = (
				8490DF331ECF915300C78173 /* Victor's Crown */,
				8490DF321ECF915300C78173 /* Products */,
			);
			sourceTree = "<group>";
		};
		8490DF321ECF915300C78173 /* Products */ = {
			isa = PBXGroup;
			children = (
				8490DF311ECF915300C78173 /* Victor's Crown.app */,
			);
			name = Products;
			sourceTree = "<group>";
		};
		8490DF331ECF915300C78173 /* Victor's Crown */ = {
			isa = PBXGroup;
			children = (
				8479302B1EE1C3D800F02B5D /* Models */,
				846F34E31EDE3A0500B8063E /* Controllers */,
				847832831ED7845400056370 /* Assets */,
			);
			path = "Victor's Crown";
			sourceTree = "<group>";
		};
/* End PBXGroup section */

/* Begin PBXNativeTarget section */
		8490DF301ECF915300C78173 /* Victor's Crown */ = {
			isa = PBXNativeTarget;
			buildConfigurationList = 8490DF461ECF915300C78173 /* Build configuration list for PBXNativeTarget "Victor's Crown" */;
			buildPhases = (
				8490DF2D1ECF915300C78173 /* Sources */,
				8490DF2E1ECF915300C78173 /* Frameworks */,
				8490DF2F1ECF915300C78173 /* Resources */,
			);
			buildRules = (
			);
			dependencies = (
			);
			name = "Victor's Crown";
			productName = "Victor's Crown";
			productReference = 8490DF311ECF915300C78173 /* Victor's Crown.app */;
			productType = "com.apple.product-type.application";
		};
/* End PBXNativeTarget section */

/* Begin PBXProject section */
		8490DF291ECF915200C78173 /* Project object */ = {
			isa = PBXProject;
			attributes = {
				LastSwiftUpdateCheck = 0820;
				LastUpgradeCheck = 0820;
				ORGANIZATIONNAME = cosmostream;
				TargetAttributes = {
					8490DF301ECF915300C78173 = {
						CreatedOnToolsVersion = 8.2.1;
						DevelopmentTeam = 3XP2JYEG2Z;
						ProvisioningStyle = Automatic;
					};
				};
			};
			buildConfigurationList = 8490DF2C1ECF915300C78173 /* Build configuration list for PBXProject "Victor's Crown" */;
			compatibilityVersion = "Xcode 3.2";
			developmentRegion = English;
			hasScannedForEncodings = 0;
			knownRegions = (
				en,
				Base,
			);
			mainGroup = 8490DF281ECF915200C78173;
			productRefGroup = 8490DF321ECF915300C78173 /* Products */;
			projectDirPath = "";
			projectRoot = "";
			targets = (
				8490DF301ECF915300C78173 /* Victor's Crown */,
			);
		};
/* End PBXProject section */

/* Begin PBXResourcesBuildPhase section */
		8490DF2F1ECF915300C78173 /* Resources */ = {
			isa = PBXResourcesBuildPhase;
			buildActionMask = 2147483647;
			files = (
				8490DF421ECF915300C78173 /* LaunchScreen.storyboard in Resources */,
				8490DF3F1ECF915300C78173 /* Assets.xcassets in Resources */,
				8490DF3A1ECF915300C78173 /* Main.storyboard in Resources */,
			);
			runOnlyForDeploymentPostprocessing = 0;
		};
/* End PBXResourcesBuildPhase section */

/* Begin PBXSourcesBuildPhase section */
		8490DF2D1ECF915300C78173 /* Sources */ = {
			isa = PBXSourcesBuildPhase;
			buildActionMask = 2147483647;
			files = (
				84DA1E7E1EFDB0A900242F01 /* Chapter+CoreDataProperties.swift in Sources */,
				8490DF371ECF915300C78173 /* MainTabBarController.swift in Sources */,
				8479305C1EE20E5F00F02B5D /* Helpers.swift in Sources */,
				84770EB01EEAFD8000350216 /* BookNameListViewController.swift in Sources */,
				84DA1E801EFDB0A900242F01 /* Note+CoreDataProperties.swift in Sources */,
				84DA1E811EFDB0A900242F01 /* Scripture+CoreDataClass.swift in Sources */,
				847563DA1EE73AD700C7949E /* BiblesClient.swift in Sources */,
				84E52AD51ED3BB4E00861AD1 /* TimerViewController.swift in Sources */,
				84DA1E7C1EFDB0A900242F01 /* Book+CoreDataProperties.swift in Sources */,
				847A322B1EE89F1F00ABBA32 /* DataModel.swift in Sources */,
				847215D21EED979B00134BC5 /* ScriptureCell.swift in Sources */,
				8478327A1ED5EAB900056370 /* SettingsViewController.swift in Sources */,
				847A321F1EE892C600ABBA32 /* GCDBlackBox.swift in Sources */,
				84770EB51EEB041F00350216 /* BookNameCell.swift in Sources */,
				84DA1E821EFDB0A900242F01 /* Scripture+CoreDataProperties.swift in Sources */,
				84DA1E7B1EFDB0A900242F01 /* Book+CoreDataClass.swift in Sources */,
				8490DF351ECF915300C78173 /* AppDelegate.swift in Sources */,
				847563DC1EE73B6D00C7949E /* Constants.swift in Sources */,
				847215D01EED975B00134BC5 /* ScriptureViewController.swift in Sources */,
				84DA1E7D1EFDB0A900242F01 /* Chapter+CoreDataClass.swift in Sources */,
				847832821ED7813B00056370 /* ProfileTableViewCell.swift in Sources */,
				847930461EE2029F00F02B5D /* Victor_s_Crown.xcdatamodeld in Sources */,
				846F34E21EDDDF4300B8063E /* BookChapterCell.swift in Sources */,
				847527A71EDF9F46009D9D39 /* CoreDataStack.swift in Sources */,
				84DA1E7F1EFDB0A900242F01 /* Note+CoreDataClass.swift in Sources */,
				847832801ED7811F00056370 /* ProfileTableViewController.swift in Sources */,
				847832781ED5EAAB00056370 /* BookChapterListViewController.swift in Sources */,
			);
			runOnlyForDeploymentPostprocessing = 0;
		};
/* End PBXSourcesBuildPhase section */

/* Begin PBXVariantGroup section */
		8490DF381ECF915300C78173 /* Main.storyboard */ = {
			isa = PBXVariantGroup;
			children = (
				8490DF391ECF915300C78173 /* Base */,
			);
			name = Main.storyboard;
			sourceTree = "<group>";
		};
		8490DF401ECF915300C78173 /* LaunchScreen.storyboard */ = {
			isa = PBXVariantGroup;
			children = (
				8490DF411ECF915300C78173 /* Base */,
			);
			name = LaunchScreen.storyboard;
			sourceTree = "<group>";
		};
/* End PBXVariantGroup section */

/* Begin XCBuildConfiguration section */
		8490DF441ECF915300C78173 /* Debug */ = {
			isa = XCBuildConfiguration;
			buildSettings = {
				ALWAYS_SEARCH_USER_PATHS = NO;
				CLANG_ANALYZER_NONNULL = YES;
				CLANG_CXX_LANGUAGE_STANDARD = "gnu++0x";
				CLANG_CXX_LIBRARY = "libc++";
				CLANG_ENABLE_MODULES = YES;
				CLANG_ENABLE_OBJC_ARC = YES;
				CLANG_WARN_BOOL_CONVERSION = YES;
				CLANG_WARN_CONSTANT_CONVERSION = YES;
				CLANG_WARN_DIRECT_OBJC_ISA_USAGE = YES_ERROR;
				CLANG_WARN_DOCUMENTATION_COMMENTS = YES;
				CLANG_WARN_EMPTY_BODY = YES;
				CLANG_WARN_ENUM_CONVERSION = YES;
				CLANG_WARN_INFINITE_RECURSION = YES;
				CLANG_WARN_INT_CONVERSION = YES;
				CLANG_WARN_OBJC_ROOT_CLASS = YES_ERROR;
				CLANG_WARN_SUSPICIOUS_MOVE = YES;
				CLANG_WARN_UNREACHABLE_CODE = YES;
				CLANG_WARN__DUPLICATE_METHOD_MATCH = YES;
				"CODE_SIGN_IDENTITY[sdk=iphoneos*]" = "iPhone Developer";
				COPY_PHASE_STRIP = NO;
				DEBUG_INFORMATION_FORMAT = dwarf;
				ENABLE_STRICT_OBJC_MSGSEND = YES;
				ENABLE_TESTABILITY = YES;
				GCC_C_LANGUAGE_STANDARD = gnu99;
				GCC_DYNAMIC_NO_PIC = NO;
				GCC_NO_COMMON_BLOCKS = YES;
				GCC_OPTIMIZATION_LEVEL = 0;
				GCC_PREPROCESSOR_DEFINITIONS = (
					"DEBUG=1",
					"$(inherited)",
				);
				GCC_WARN_64_TO_32_BIT_CONVERSION = YES;
				GCC_WARN_ABOUT_RETURN_TYPE = YES_ERROR;
				GCC_WARN_UNDECLARED_SELECTOR = YES;
				GCC_WARN_UNINITIALIZED_AUTOS = YES_AGGRESSIVE;
				GCC_WARN_UNUSED_FUNCTION = YES;
				GCC_WARN_UNUSED_VARIABLE = YES;
				IPHONEOS_DEPLOYMENT_TARGET = 10.2;
				MTL_ENABLE_DEBUG_INFO = YES;
				ONLY_ACTIVE_ARCH = YES;
				SDKROOT = iphoneos;
				SWIFT_ACTIVE_COMPILATION_CONDITIONS = DEBUG;
				SWIFT_OPTIMIZATION_LEVEL = "-Onone";
				TARGETED_DEVICE_FAMILY = "1,2";
			};
			name = Debug;
		};
		8490DF451ECF915300C78173 /* Release */ = {
			isa = XCBuildConfiguration;
			buildSettings = {
				ALWAYS_SEARCH_USER_PATHS = NO;
				CLANG_ANALYZER_NONNULL = YES;
				CLANG_CXX_LANGUAGE_STANDARD = "gnu++0x";
				CLANG_CXX_LIBRARY = "libc++";
				CLANG_ENABLE_MODULES = YES;
				CLANG_ENABLE_OBJC_ARC = YES;
				CLANG_WARN_BOOL_CONVERSION = YES;
				CLANG_WARN_CONSTANT_CONVERSION = YES;
				CLANG_WARN_DIRECT_OBJC_ISA_USAGE = YES_ERROR;
				CLANG_WARN_DOCUMENTATION_COMMENTS = YES;
				CLANG_WARN_EMPTY_BODY = YES;
				CLANG_WARN_ENUM_CONVERSION = YES;
				CLANG_WARN_INFINITE_RECURSION = YES;
				CLANG_WARN_INT_CONVERSION = YES;
				CLANG_WARN_OBJC_ROOT_CLASS = YES_ERROR;
				CLANG_WARN_SUSPICIOUS_MOVE = YES;
				CLANG_WARN_UNREACHABLE_CODE = YES;
				CLANG_WARN__DUPLICATE_METHOD_MATCH = YES;
				"CODE_SIGN_IDENTITY[sdk=iphoneos*]" = "iPhone Developer";
				COPY_PHASE_STRIP = NO;
				DEBUG_INFORMATION_FORMAT = "dwarf-with-dsym";
				ENABLE_NS_ASSERTIONS = NO;
				ENABLE_STRICT_OBJC_MSGSEND = YES;
				GCC_C_LANGUAGE_STANDARD = gnu99;
				GCC_NO_COMMON_BLOCKS = YES;
				GCC_WARN_64_TO_32_BIT_CONVERSION = YES;
				GCC_WARN_ABOUT_RETURN_TYPE = YES_ERROR;
				GCC_WARN_UNDECLARED_SELECTOR = YES;
				GCC_WARN_UNINITIALIZED_AUTOS = YES_AGGRESSIVE;
				GCC_WARN_UNUSED_FUNCTION = YES;
				GCC_WARN_UNUSED_VARIABLE = YES;
				IPHONEOS_DEPLOYMENT_TARGET = 10.2;
				MTL_ENABLE_DEBUG_INFO = NO;
				SDKROOT = iphoneos;
				SWIFT_OPTIMIZATION_LEVEL = "-Owholemodule";
				TARGETED_DEVICE_FAMILY = "1,2";
				VALIDATE_PRODUCT = YES;
			};
			name = Release;
		};
		8490DF471ECF915300C78173 /* Debug */ = {
			isa = XCBuildConfiguration;
			buildSettings = {
				ASSETCATALOG_COMPILER_APPICON_NAME = AppIcon;
				DEVELOPMENT_TEAM = 3XP2JYEG2Z;
				INFOPLIST_FILE = "Victor's Crown/Info.plist";
				LD_RUNPATH_SEARCH_PATHS = "$(inherited) @executable_path/Frameworks";
				PRODUCT_BUNDLE_IDENTIFIER = "cosmostream.victors-crown";
				PRODUCT_NAME = "$(TARGET_NAME)";
				SWIFT_VERSION = 3.0;
			};
			name = Debug;
		};
		8490DF481ECF915300C78173 /* Release */ = {
			isa = XCBuildConfiguration;
			buildSettings = {
				ASSETCATALOG_COMPILER_APPICON_NAME = AppIcon;
				DEVELOPMENT_TEAM = 3XP2JYEG2Z;
				INFOPLIST_FILE = "Victor's Crown/Info.plist";
				LD_RUNPATH_SEARCH_PATHS = "$(inherited) @executable_path/Frameworks";
				PRODUCT_BUNDLE_IDENTIFIER = "cosmostream.victors-crown";
				PRODUCT_NAME = "$(TARGET_NAME)";
				SWIFT_VERSION = 3.0;
			};
			name = Release;
		};
/* End XCBuildConfiguration section */

/* Begin XCConfigurationList section */
		8490DF2C1ECF915300C78173 /* Build configuration list for PBXProject "Victor's Crown" */ = {
			isa = XCConfigurationList;
			buildConfigurations = (
				8490DF441ECF915300C78173 /* Debug */,
				8490DF451ECF915300C78173 /* Release */,
			);
			defaultConfigurationIsVisible = 0;
			defaultConfigurationName = Release;
		};
		8490DF461ECF915300C78173 /* Build configuration list for PBXNativeTarget "Victor's Crown" */ = {
			isa = XCConfigurationList;
			buildConfigurations = (
				8490DF471ECF915300C78173 /* Debug */,
				8490DF481ECF915300C78173 /* Release */,
			);
			defaultConfigurationIsVisible = 0;
			defaultConfigurationName = Release;
		};
/* End XCConfigurationList section */

/* Begin XCVersionGroup section */
		847930441EE2029F00F02B5D /* Victor_s_Crown.xcdatamodeld */ = {
			isa = XCVersionGroup;
			children = (
				847930451EE2029F00F02B5D /* Victor_s_Crown.xcdatamodel */,
			);
			currentVersion = 847930451EE2029F00F02B5D /* Victor_s_Crown.xcdatamodel */;
			path = Victor_s_Crown.xcdatamodeld;
			sourceTree = "<group>";
			versionGroupType = wrapper.xcdatamodel;
		};
/* End XCVersionGroup section */
	};
	rootObject = 8490DF291ECF915200C78173 /* Project object */;
}
